
Microsoft Visual Studio Solution File, Format Version 12.00
# Visual Studio Version 17
VisualStudioVersion = 17.5.33627.172
MinimumVisualStudioVersion = 10.0.40219.1
Project("{9A19103F-16F7-4668-BE54-9A1E7A4F7556}") = "DryPrinciple", "DryPrinciple\DryPrinciple.csproj", "{36B3FCE4-024A-47D1-BD88-5CEA7923EFB7}"
EndProject
Project("{9A19103F-16F7-4668-BE54-9A1E7A4F7556}") = "Lod", "Lod\Lod.csproj", "{8D24020A-0EB1-4365-9B01-92F042693B1F}"
EndProject
Project("{FAE04EC0-301F-11D3-BF4B-00C04F79EFBC}") = "ObserverPattern", "ObserverPattern\ObserverPattern.csproj", "{62E50BEE-7029-41DD-AE53-5FCBF35D8748}"
EndProject
Global
	GlobalSection(SolutionConfigurationPlatforms) = preSolution
		Debug|Any CPU = Debug|Any CPU
		Release|Any CPU = Release|Any CPU
	EndGlobalSection
	GlobalSection(ProjectConfigurationPlatforms) = postSolution
		{36B3FCE4-024A-47D1-BD88-5CEA7923EFB7}.Debug|Any CPU.ActiveCfg = Debug|Any CPU
		{36B3FCE4-024A-47D1-BD88-5CEA7923EFB7}.Debug|Any CPU.Build.0 = Debug|Any CPU
		{36B3FCE4-024A-47D1-BD88-5CEA7923EFB7}.Release|Any CPU.ActiveCfg = Release|Any CPU
		{36B3FCE4-024A-47D1-BD88-5CEA7923EFB7}.Release|Any CPU.Build.0 = Release|Any CPU
		{8D24020A-0EB1-4365-9B01-92F042693B1F}.Debug|Any CPU.ActiveCfg = Debug|Any CPU
		{8D24020A-0EB1-4365-9B01-92F042693B1F}.Debug|Any CPU.Build.0 = Debug|Any CPU
		{8D24020A-0EB1-4365-9B01-92F042693B1F}.Release|Any CPU.ActiveCfg = Release|Any CPU
		{8D24020A-0EB1-4365-9B01-92F042693B1F}.Release|Any CPU.Build.0 = Release|Any CPU
		{62E50BEE-7029-41DD-AE53-5FCBF35D8748}.Debug|Any CPU.ActiveCfg = Debug|Any CPU
		{62E50BEE-7029-41DD-AE53-5FCBF35D8748}.Debug|Any CPU.Build.0 = Debug|Any CPU
		{62E50BEE-7029-41DD-AE53-5FCBF35D8748}.Release|Any CPU.ActiveCfg = Release|Any CPU
		{62E50BEE-7029-41DD-AE53-5FCBF35D8748}.Release|Any CPU.Build.0 = Release|Any CPU
	EndGlobalSection
	GlobalSection(SolutionProperties) = preSolution
		HideSolutionNode = FALSE
	EndGlobalSection
	GlobalSection(ExtensibilityGlobals) = postSolution
		SolutionGuid = {8BC81ECA-80AF-425C-A1BE-478FB2038EF1}
	EndGlobalSection
EndGlobal
